
Microsoft Visual Studio Solution File, Format Version 12.00
# Visual Studio Version 16
VisualStudioVersion = 16.0.31025.194
MinimumVisualStudioVersion = 10.0.40219.1
Project("{9A19103F-16F7-4668-BE54-9A1E7A4F7556}") = "opdracht1", "opdracht1\opdracht1.csproj", "{91E1C28F-A4C0-4B9D-B7B0-A6DF7B4EC89B}"
EndProject
Project("{FAE04EC0-301F-11D3-BF4B-00C04F79EFBC}") = "opdracht2", "opdracht2\opdracht2.csproj", "{C193AAE9-B3F3-48E1-9A13-33231AF6EE68}"
EndProject
Global
	GlobalSection(SolutionConfigurationPlatforms) = preSolution
		Debug|Any CPU = Debug|Any CPU
		Release|Any CPU = Release|Any CPU
	EndGlobalSection
	GlobalSection(ProjectConfigurationPlatforms) = postSolution
		{91E1C28F-A4C0-4B9D-B7B0-A6DF7B4EC89B}.Debug|Any CPU.ActiveCfg = Debug|Any CPU
		{91E1C28F-A4C0-4B9D-B7B0-A6DF7B4EC89B}.Debug|Any CPU.Build.0 = Debug|Any CPU
		{91E1C28F-A4C0-4B9D-B7B0-A6DF7B4EC89B}.Release|Any CPU.ActiveCfg = Release|Any CPU
		{91E1C28F-A4C0-4B9D-B7B0-A6DF7B4EC89B}.Release|Any CPU.Build.0 = Release|Any CPU
		{C193AAE9-B3F3-48E1-9A13-33231AF6EE68}.Debug|Any CPU.ActiveCfg = Debug|Any CPU
		{C193AAE9-B3F3-48E1-9A13-33231AF6EE68}.Debug|Any CPU.Build.0 = Debug|Any CPU
		{C193AAE9-B3F3-48E1-9A13-33231AF6EE68}.Release|Any CPU.ActiveCfg = Release|Any CPU
		{C193AAE9-B3F3-48E1-9A13-33231AF6EE68}.Release|Any CPU.Build.0 = Release|Any CPU
	EndGlobalSection
	GlobalSection(SolutionProperties) = preSolution
		HideSolutionNode = FALSE
	EndGlobalSection
	GlobalSection(ExtensibilityGlobals) = postSolution
		SolutionGuid = {55ADD3B3-47C6-4F76-98E2-3828B86FD0C6}
	EndGlobalSection
EndGlobal
